// !$*UTF8*$!
{
	archiveVersion = 1;
	classes = {
	};
	objectVersion = 56;
	objects = {

/* Begin PBXBuildFile section */
		1848B0F52C46EC8E005849F1 /* ShoppingListApp.swift in Sources */ = {isa = PBXBuildFile; fileRef = 1848B0F42C46EC8E005849F1 /* ShoppingListApp.swift */; };
		1848B0F92C46EC90005849F1 /* Assets.xcassets in Resources */ = {isa = PBXBuildFile; fileRef = 1848B0F82C46EC90005849F1 /* Assets.xcassets */; };
		1848B0FD2C46EC90005849F1 /* Preview Assets.xcassets in Resources */ = {isa = PBXBuildFile; fileRef = 1848B0FC2C46EC90005849F1 /* Preview Assets.xcassets */; };
		1848B1072C46EC90005849F1 /* ShoppingListTests.swift in Sources */ = {isa = PBXBuildFile; fileRef = 1848B1062C46EC90005849F1 /* ShoppingListTests.swift */; };
		1848B1112C46EC90005849F1 /* ShoppingListUITests.swift in Sources */ = {isa = PBXBuildFile; fileRef = 1848B1102C46EC90005849F1 /* ShoppingListUITests.swift */; };
		1848B1132C46EC90005849F1 /* ShoppingListUITestsLaunchTests.swift in Sources */ = {isa = PBXBuildFile; fileRef = 1848B1122C46EC90005849F1 /* ShoppingListUITestsLaunchTests.swift */; };
		1848B1212C4728F7005849F1 /* HomeView.swift in Sources */ = {isa = PBXBuildFile; fileRef = 1848B1202C4728F7005849F1 /* HomeView.swift */; };
		1848B1232C4D1334005849F1 /* ListItemView.swift in Sources */ = {isa = PBXBuildFile; fileRef = 1848B1222C4D1334005849F1 /* ListItemView.swift */; };
		1848B1292C4D1618005849F1 /* AddItemView.swift in Sources */ = {isa = PBXBuildFile; fileRef = 1848B1282C4D1618005849F1 /* AddItemView.swift */; };
		1848B12F2C4D28FD005849F1 /* ItemModel.swift in Sources */ = {isa = PBXBuildFile; fileRef = 1848B12E2C4D28FD005849F1 /* ItemModel.swift */; };
		1848B1332C4D3C44005849F1 /* HomeViewModel.swift in Sources */ = {isa = PBXBuildFile; fileRef = 1848B1322C4D3C44005849F1 /* HomeViewModel.swift */; };
		1848B1352C505A8B005849F1 /* EmptyStateView.swift in Sources */ = {isa = PBXBuildFile; fileRef = 1848B1342C505A8B005849F1 /* EmptyStateView.swift */; };
/* End PBXBuildFile section */

/* Begin PBXContainerItemProxy section */
		1848B1032C46EC90005849F1 /* PBXContainerItemProxy */ = {
			isa = PBXContainerItemProxy;
			containerPortal = 1848B0E92C46EC8E005849F1 /* Project object */;
			proxyType = 1;
			remoteGlobalIDString = 1848B0F02C46EC8E005849F1;
			remoteInfo = ShoppingList;
		};
		1848B10D2C46EC90005849F1 /* PBXContainerItemProxy */ = {
			isa = PBXContainerItemProxy;
			containerPortal = 1848B0E92C46EC8E005849F1 /* Project object */;
			proxyType = 1;
			remoteGlobalIDString = 1848B0F02C46EC8E005849F1;
			remoteInfo = ShoppingList;
		};
/* End PBXContainerItemProxy section */

/* Begin PBXFileReference section */
		1848B0F12C46EC8E005849F1 /* ShoppingList.app */ = {isa = PBXFileReference; explicitFileType = wrapper.application; includeInIndex = 0; path = ShoppingList.app; sourceTree = BUILT_PRODUCTS_DIR; };
		1848B0F42C46EC8E005849F1 /* ShoppingListApp.swift */ = {isa = PBXFileReference; lastKnownFileType = sourcecode.swift; path = ShoppingListApp.swift; sourceTree = "<group>"; };
		1848B0F82C46EC90005849F1 /* Assets.xcassets */ = {isa = PBXFileReference; lastKnownFileType = folder.assetcatalog; path = Assets.xcassets; sourceTree = "<group>"; };
		1848B0FA2C46EC90005849F1 /* ShoppingList.entitlements */ = {isa = PBXFileReference; lastKnownFileType = text.plist.entitlements; path = ShoppingList.entitlements; sourceTree = "<group>"; };
		1848B0FC2C46EC90005849F1 /* Preview Assets.xcassets */ = {isa = PBXFileReference; lastKnownFileType = folder.assetcatalog; path = "Preview Assets.xcassets"; sourceTree = "<group>"; };
		1848B1022C46EC90005849F1 /* ShoppingListTests.xctest */ = {isa = PBXFileReference; explicitFileType = wrapper.cfbundle; includeInIndex = 0; path = ShoppingListTests.xctest; sourceTree = BUILT_PRODUCTS_DIR; };
		1848B1062C46EC90005849F1 /* ShoppingListTests.swift */ = {isa = PBXFileReference; lastKnownFileType = sourcecode.swift; path = ShoppingListTests.swift; sourceTree = "<group>"; };
		1848B10C2C46EC90005849F1 /* ShoppingListUITests.xctest */ = {isa = PBXFileReference; explicitFileType = wrapper.cfbundle; includeInIndex = 0; path = ShoppingListUITests.xctest; sourceTree = BUILT_PRODUCTS_DIR; };
		1848B1102C46EC90005849F1 /* ShoppingListUITests.swift */ = {isa = PBXFileReference; lastKnownFileType = sourcecode.swift; path = ShoppingListUITests.swift; sourceTree = "<group>"; };
		1848B1122C46EC90005849F1 /* ShoppingListUITestsLaunchTests.swift */ = {isa = PBXFileReference; lastKnownFileType = sourcecode.swift; path = ShoppingListUITestsLaunchTests.swift; sourceTree = "<group>"; };
		1848B1202C4728F7005849F1 /* HomeView.swift */ = {isa = PBXFileReference; lastKnownFileType = sourcecode.swift; path = HomeView.swift; sourceTree = "<group>"; };
		1848B1222C4D1334005849F1 /* ListItemView.swift */ = {isa = PBXFileReference; lastKnownFileType = sourcecode.swift; path = ListItemView.swift; sourceTree = "<group>"; };
		1848B1282C4D1618005849F1 /* AddItemView.swift */ = {isa = PBXFileReference; lastKnownFileType = sourcecode.swift; path = AddItemView.swift; sourceTree = "<group>"; };
		1848B12E2C4D28FD005849F1 /* ItemModel.swift */ = {isa = PBXFileReference; lastKnownFileType = sourcecode.swift; path = ItemModel.swift; sourceTree = "<group>"; };
		1848B1322C4D3C44005849F1 /* HomeViewModel.swift */ = {isa = PBXFileReference; lastKnownFileType = sourcecode.swift; path = HomeViewModel.swift; sourceTree = "<group>"; };
		1848B1342C505A8B005849F1 /* EmptyStateView.swift */ = {isa = PBXFileReference; lastKnownFileType = sourcecode.swift; path = EmptyStateView.swift; sourceTree = "<group>"; };
/* End PBXFileReference section */

/* Begin PBXFrameworksBuildPhase section */
		1848B0EE2C46EC8E005849F1 /* Frameworks */ = {
			isa = PBXFrameworksBuildPhase;
			buildActionMask = 2147483647;
			files = (
			);
			runOnlyForDeploymentPostprocessing = 0;
		};
		1848B0FF2C46EC90005849F1 /* Frameworks */ = {
			isa = PBXFrameworksBuildPhase;
			buildActionMask = 2147483647;
			files = (
			);
			runOnlyForDeploymentPostprocessing = 0;
		};
		1848B1092C46EC90005849F1 /* Frameworks */ = {
			isa = PBXFrameworksBuildPhase;
			buildActionMask = 2147483647;
			files = (
			);
			runOnlyForDeploymentPostprocessing = 0;
		};
/* End PBXFrameworksBuildPhase section */

/* Begin PBXGroup section */
		1848B0E82C46EC8E005849F1 = {
			isa = PBXGroup;
			children = (
				1848B0F32C46EC8E005849F1 /* ShoppingList */,
				1848B1052C46EC90005849F1 /* ShoppingListTests */,
				1848B10F2C46EC90005849F1 /* ShoppingListUITests */,
				1848B0F22C46EC8E005849F1 /* Products */,
			);
			sourceTree = "<group>";
		};
		1848B0F22C46EC8E005849F1 /* Products */ = {
			isa = PBXGroup;
			children = (
				1848B0F12C46EC8E005849F1 /* ShoppingList.app */,
				1848B1022C46EC90005849F1 /* ShoppingListTests.xctest */,
				1848B10C2C46EC90005849F1 /* ShoppingListUITests.xctest */,
			);
			name = Products;
			sourceTree = "<group>";
		};
		1848B0F32C46EC8E005849F1 /* ShoppingList */ = {
			isa = PBXGroup;
			children = (
				1848B0F42C46EC8E005849F1 /* ShoppingListApp.swift */,
				1848B12B2C4D26F8005849F1 /* Models */,
				1848B1302C4D3C17005849F1 /* ViewModels */,
				1848B11F2C4728E7005849F1 /* Views */,
				1848B0F82C46EC90005849F1 /* Assets.xcassets */,
				1848B0FA2C46EC90005849F1 /* ShoppingList.entitlements */,
				1848B0FB2C46EC90005849F1 /* Preview Content */,
			);
			path = ShoppingList;
			sourceTree = "<group>";
		};
		1848B0FB2C46EC90005849F1 /* Preview Content */ = {
			isa = PBXGroup;
			children = (
				1848B0FC2C46EC90005849F1 /* Preview Assets.xcassets */,
			);
			path = "Preview Content";
			sourceTree = "<group>";
		};
		1848B1052C46EC90005849F1 /* ShoppingListTests */ = {
			isa = PBXGroup;
			children = (
				1848B1062C46EC90005849F1 /* ShoppingListTests.swift */,
			);
			path = ShoppingListTests;
			sourceTree = "<group>";
		};
		1848B10F2C46EC90005849F1 /* ShoppingListUITests */ = {
			isa = PBXGroup;
			children = (
				1848B1102C46EC90005849F1 /* ShoppingListUITests.swift */,
				1848B1122C46EC90005849F1 /* ShoppingListUITestsLaunchTests.swift */,
			);
			path = ShoppingListUITests;
			sourceTree = "<group>";
		};
		1848B11F2C4728E7005849F1 /* Views */ = {
			isa = PBXGroup;
			children = (
				1848B1202C4728F7005849F1 /* HomeView.swift */,
				1848B1222C4D1334005849F1 /* ListItemView.swift */,
				1848B1282C4D1618005849F1 /* AddItemView.swift */,
				1848B1342C505A8B005849F1 /* EmptyStateView.swift */,
			);
			path = Views;
			sourceTree = "<group>";
		};
		1848B12B2C4D26F8005849F1 /* Models */ = {
			isa = PBXGroup;
			children = (
				1848B12E2C4D28FD005849F1 /* ItemModel.swift */,
			);
			path = Models;
			sourceTree = "<group>";
		};
		1848B1302C4D3C17005849F1 /* ViewModels */ = {
			isa = PBXGroup;
			children = (
				1848B1322C4D3C44005849F1 /* HomeViewModel.swift */,
			);
			path = ViewModels;
			sourceTree = "<group>";
		};
/* End PBXGroup section */

/* Begin PBXNativeTarget section */
		1848B0F02C46EC8E005849F1 /* ShoppingList */ = {
			isa = PBXNativeTarget;
			buildConfigurationList = 1848B1162C46EC90005849F1 /* Build configuration list for PBXNativeTarget "ShoppingList" */;
			buildPhases = (
				1848B0ED2C46EC8E005849F1 /* Sources */,
				1848B0EE2C46EC8E005849F1 /* Frameworks */,
				1848B0EF2C46EC8E005849F1 /* Resources */,
			);
			buildRules = (
			);
			dependencies = (
			);
			name = ShoppingList;
			productName = ShoppingList;
			productReference = 1848B0F12C46EC8E005849F1 /* ShoppingList.app */;
			productType = "com.apple.product-type.application";
		};
		1848B1012C46EC90005849F1 /* ShoppingListTests */ = {
			isa = PBXNativeTarget;
			buildConfigurationList = 1848B1192C46EC90005849F1 /* Build configuration list for PBXNativeTarget "ShoppingListTests" */;
			buildPhases = (
				1848B0FE2C46EC90005849F1 /* Sources */,
				1848B0FF2C46EC90005849F1 /* Frameworks */,
				1848B1002C46EC90005849F1 /* Resources */,
			);
			buildRules = (
			);
			dependencies = (
				1848B1042C46EC90005849F1 /* PBXTargetDependency */,
			);
			name = ShoppingListTests;
			productName = ShoppingListTests;
			productReference = 1848B1022C46EC90005849F1 /* ShoppingListTests.xctest */;
			productType = "com.apple.product-type.bundle.unit-test";
		};
		1848B10B2C46EC90005849F1 /* ShoppingListUITests */ = {
			isa = PBXNativeTarget;
			buildConfigurationList = 1848B11C2C46EC90005849F1 /* Build configuration list for PBXNativeTarget "ShoppingListUITests" */;
			buildPhases = (
				1848B1082C46EC90005849F1 /* Sources */,
				1848B1092C46EC90005849F1 /* Frameworks */,
				1848B10A2C46EC90005849F1 /* Resources */,
			);
			buildRules = (
			);
			dependencies = (
				1848B10E2C46EC90005849F1 /* PBXTargetDependency */,
			);
			name = ShoppingListUITests;
			productName = ShoppingListUITests;
			productReference = 1848B10C2C46EC90005849F1 /* ShoppingListUITests.xctest */;
			productType = "com.apple.product-type.bundle.ui-testing";
		};
/* End PBXNativeTarget section */

/* Begin PBXProject section */
		1848B0E92C46EC8E005849F1 /* Project object */ = {
			isa = PBXProject;
			attributes = {
				BuildIndependentTargetsInParallel = 1;
				LastSwiftUpdateCheck = 1540;
				LastUpgradeCheck = 1540;
				TargetAttributes = {
					1848B0F02C46EC8E005849F1 = {
						CreatedOnToolsVersion = 15.4;
					};
					1848B1012C46EC90005849F1 = {
						CreatedOnToolsVersion = 15.4;
						TestTargetID = 1848B0F02C46EC8E005849F1;
					};
					1848B10B2C46EC90005849F1 = {
						CreatedOnToolsVersion = 15.4;
						TestTargetID = 1848B0F02C46EC8E005849F1;
					};
				};
			};
			buildConfigurationList = 1848B0EC2C46EC8E005849F1 /* Build configuration list for PBXProject "ShoppingList" */;
			compatibilityVersion = "Xcode 14.0";
			developmentRegion = en;
			hasScannedForEncodings = 0;
			knownRegions = (
				en,
				Base,
			);
			mainGroup = 1848B0E82C46EC8E005849F1;
			productRefGroup = 1848B0F22C46EC8E005849F1 /* Products */;
			projectDirPath = "";
			projectRoot = "";
			targets = (
				1848B0F02C46EC8E005849F1 /* ShoppingList */,
				1848B1012C46EC90005849F1 /* ShoppingListTests */,
				1848B10B2C46EC90005849F1 /* ShoppingListUITests */,
			);
		};
/* End PBXProject section */

/* Begin PBXResourcesBuildPhase section */
		1848B0EF2C46EC8E005849F1 /* Resources */ = {
			isa = PBXResourcesBuildPhase;
			buildActionMask = 2147483647;
			files = (
				1848B0FD2C46EC90005849F1 /* Preview Assets.xcassets in Resources */,
				1848B0F92C46EC90005849F1 /* Assets.xcassets in Resources */,
			);
			runOnlyForDeploymentPostprocessing = 0;
		};
		1848B1002C46EC90005849F1 /* Resources */ = {
			isa = PBXResourcesBuildPhase;
			buildActionMask = 2147483647;
			files = (
			);
			runOnlyForDeploymentPostprocessing = 0;
		};
		1848B10A2C46EC90005849F1 /* Resources */ = {
			isa = PBXResourcesBuildPhase;
			buildActionMask = 2147483647;
			files = (
			);
			runOnlyForDeploymentPostprocessing = 0;
		};
/* End PBXResourcesBuildPhase section */

/* Begin PBXSourcesBuildPhase section */
		1848B0ED2C46EC8E005849F1 /* Sources */ = {
			isa = PBXSourcesBuildPhase;
			buildActionMask = 2147483647;
			files = (
				1848B12F2C4D28FD005849F1 /* ItemModel.swift in Sources */,
				1848B1332C4D3C44005849F1 /* HomeViewModel.swift in Sources */,
				1848B1232C4D1334005849F1 /* ListItemView.swift in Sources */,
				1848B1212C4728F7005849F1 /* HomeView.swift in Sources */,
				1848B0F52C46EC8E005849F1 /* ShoppingListApp.swift in Sources */,
				1848B1292C4D1618005849F1 /* AddItemView.swift in Sources */,
				1848B1352C505A8B005849F1 /* EmptyStateView.swift in Sources */,
			);
			runOnlyForDeploymentPostprocessing = 0;
		};
		1848B0FE2C46EC90005849F1 /* Sources */ = {
			isa = PBXSourcesBuildPhase;
			buildActionMask = 2147483647;
			files = (
				1848B1072C46EC90005849F1 /* ShoppingListTests.swift in Sources */,
			);
			runOnlyForDeploymentPostprocessing = 0;
		};
		1848B1082C46EC90005849F1 /* Sources */ = {
			isa = PBXSourcesBuildPhase;
			buildActionMask = 2147483647;
			files = (
				1848B1132C46EC90005849F1 /* ShoppingListUITestsLaunchTests.swift in Sources */,
				1848B1112C46EC90005849F1 /* ShoppingListUITests.swift in Sources */,
			);
			runOnlyForDeploymentPostprocessing = 0;
		};
/* End PBXSourcesBuildPhase section */

/* Begin PBXTargetDependency section */
		1848B1042C46EC90005849F1 /* PBXTargetDependency */ = {
			isa = PBXTargetDependency;
			target = 1848B0F02C46EC8E005849F1 /* ShoppingList */;
			targetProxy = 1848B1032C46EC90005849F1 /* PBXContainerItemProxy */;
		};
		1848B10E2C46EC90005849F1 /* PBXTargetDependency */ = {
			isa = PBXTargetDependency;
			target = 1848B0F02C46EC8E005849F1 /* ShoppingList */;
			targetProxy = 1848B10D2C46EC90005849F1 /* PBXContainerItemProxy */;
		};
/* End PBXTargetDependency section */

/* Begin XCBuildConfiguration section */
		1848B1142C46EC90005849F1 /* Debug */ = {
			isa = XCBuildConfiguration;
			buildSettings = {
				ALWAYS_SEARCH_USER_PATHS = NO;
				ASSETCATALOG_COMPILER_GENERATE_SWIFT_ASSET_SYMBOL_EXTENSIONS = YES;
				CLANG_ANALYZER_NONNULL = YES;
				CLANG_ANALYZER_NUMBER_OBJECT_CONVERSION = YES_AGGRESSIVE;
				CLANG_CXX_LANGUAGE_STANDARD = "gnu++20";
				CLANG_ENABLE_MODULES = YES;
				CLANG_ENABLE_OBJC_ARC = YES;
				CLANG_ENABLE_OBJC_WEAK = YES;
				CLANG_WARN_BLOCK_CAPTURE_AUTORELEASING = YES;
				CLANG_WARN_BOOL_CONVERSION = YES;
				CLANG_WARN_COMMA = YES;
				CLANG_WARN_CONSTANT_CONVERSION = YES;
				CLANG_WARN_DEPRECATED_OBJC_IMPLEMENTATIONS = YES;
				CLANG_WARN_DIRECT_OBJC_ISA_USAGE = YES_ERROR;
				CLANG_WARN_DOCUMENTATION_COMMENTS = YES;
				CLANG_WARN_EMPTY_BODY = YES;
				CLANG_WARN_ENUM_CONVERSION = YES;
				CLANG_WARN_INFINITE_RECURSION = YES;
				CLANG_WARN_INT_CONVERSION = YES;
				CLANG_WARN_NON_LITERAL_NULL_CONVERSION = YES;
				CLANG_WARN_OBJC_IMPLICIT_RETAIN_SELF = YES;
				CLANG_WARN_OBJC_LITERAL_CONVERSION = YES;
				CLANG_WARN_OBJC_ROOT_CLASS = YES_ERROR;
				CLANG_WARN_QUOTED_INCLUDE_IN_FRAMEWORK_HEADER = YES;
				CLANG_WARN_RANGE_LOOP_ANALYSIS = YES;
				CLANG_WARN_STRICT_PROTOTYPES = YES;
				CLANG_WARN_SUSPICIOUS_MOVE = YES;
				CLANG_WARN_UNGUARDED_AVAILABILITY = YES_AGGRESSIVE;
				CLANG_WARN_UNREACHABLE_CODE = YES;
				CLANG_WARN__DUPLICATE_METHOD_MATCH = YES;
				COPY_PHASE_STRIP = NO;
				DEBUG_INFORMATION_FORMAT = dwarf;
				ENABLE_STRICT_OBJC_MSGSEND = YES;
				ENABLE_TESTABILITY = YES;
				ENABLE_USER_SCRIPT_SANDBOXING = YES;
				GCC_C_LANGUAGE_STANDARD = gnu17;
				GCC_DYNAMIC_NO_PIC = NO;
				GCC_NO_COMMON_BLOCKS = YES;
				GCC_OPTIMIZATION_LEVEL = 0;
				GCC_PREPROCESSOR_DEFINITIONS = (
					"DEBUG=1",
					"$(inherited)",
				);
				GCC_WARN_64_TO_32_BIT_CONVERSION = YES;
				GCC_WARN_ABOUT_RETURN_TYPE = YES_ERROR;
				GCC_WARN_UNDECLARED_SELECTOR = YES;
				GCC_WARN_UNINITIALIZED_AUTOS = YES_AGGRESSIVE;
				GCC_WARN_UNUSED_FUNCTION = YES;
				GCC_WARN_UNUSED_VARIABLE = YES;
				LOCALIZATION_PREFERS_STRING_CATALOGS = YES;
				MTL_ENABLE_DEBUG_INFO = INCLUDE_SOURCE;
				MTL_FAST_MATH = YES;
				ONLY_ACTIVE_ARCH = YES;
				SWIFT_ACTIVE_COMPILATION_CONDITIONS = "DEBUG $(inherited)";
				SWIFT_OPTIMIZATION_LEVEL = "-Onone";
			};
			name = Debug;
		};
		1848B1152C46EC90005849F1 /* Release */ = {
			isa = XCBuildConfiguration;
			buildSettings = {
				ALWAYS_SEARCH_USER_PATHS = NO;
				ASSETCATALOG_COMPILER_GENERATE_SWIFT_ASSET_SYMBOL_EXTENSIONS = YES;
				CLANG_ANALYZER_NONNULL = YES;
				CLANG_ANALYZER_NUMBER_OBJECT_CONVERSION = YES_AGGRESSIVE;
				CLANG_CXX_LANGUAGE_STANDARD = "gnu++20";
				CLANG_ENABLE_MODULES = YES;
				CLANG_ENABLE_OBJC_ARC = YES;
				CLANG_ENABLE_OBJC_WEAK = YES;
				CLANG_WARN_BLOCK_CAPTURE_AUTORELEASING = YES;
				CLANG_WARN_BOOL_CONVERSION = YES;
				CLANG_WARN_COMMA = YES;
				CLANG_WARN_CONSTANT_CONVERSION = YES;
				CLANG_WARN_DEPRECATED_OBJC_IMPLEMENTATIONS = YES;
				CLANG_WARN_DIRECT_OBJC_ISA_USAGE = YES_ERROR;
				CLANG_WARN_DOCUMENTATION_COMMENTS = YES;
				CLANG_WARN_EMPTY_BODY = YES;
				CLANG_WARN_ENUM_CONVERSION = YES;
				CLANG_WARN_INFINITE_RECURSION = YES;
				CLANG_WARN_INT_CONVERSION = YES;
				CLANG_WARN_NON_LITERAL_NULL_CONVERSION = YES;
				CLANG_WARN_OBJC_IMPLICIT_RETAIN_SELF = YES;
				CLANG_WARN_OBJC_LITERAL_CONVERSION = YES;
				CLANG_WARN_OBJC_ROOT_CLASS = YES_ERROR;
				CLANG_WARN_QUOTED_INCLUDE_IN_FRAMEWORK_HEADER = YES;
				CLANG_WARN_RANGE_LOOP_ANALYSIS = YES;
				CLANG_WARN_STRICT_PROTOTYPES = YES;
				CLANG_WARN_SUSPICIOUS_MOVE = YES;
				CLANG_WARN_UNGUARDED_AVAILABILITY = YES_AGGRESSIVE;
				CLANG_WARN_UNREACHABLE_CODE = YES;
				CLANG_WARN__DUPLICATE_METHOD_MATCH = YES;
				COPY_PHASE_STRIP = NO;
				DEBUG_INFORMATION_FORMAT = "dwarf-with-dsym";
				ENABLE_NS_ASSERTIONS = NO;
				ENABLE_STRICT_OBJC_MSGSEND = YES;
				ENABLE_USER_SCRIPT_SANDBOXING = YES;
				GCC_C_LANGUAGE_STANDARD = gnu17;
				GCC_NO_COMMON_BLOCKS = YES;
				GCC_WARN_64_TO_32_BIT_CONVERSION = YES;
				GCC_WARN_ABOUT_RETURN_TYPE = YES_ERROR;
				GCC_WARN_UNDECLARED_SELECTOR = YES;
				GCC_WARN_UNINITIALIZED_AUTOS = YES_AGGRESSIVE;
				GCC_WARN_UNUSED_FUNCTION = YES;
				GCC_WARN_UNUSED_VARIABLE = YES;
				LOCALIZATION_PREFERS_STRING_CATALOGS = YES;
				MTL_ENABLE_DEBUG_INFO = NO;
				MTL_FAST_MATH = YES;
				SWIFT_COMPILATION_MODE = wholemodule;
			};
			name = Release;
		};
		1848B1172C46EC90005849F1 /* Debug */ = {
			isa = XCBuildConfiguration;
			buildSettings = {
				ASSETCATALOG_COMPILER_APPICON_NAME = AppIcon;
				ASSETCATALOG_COMPILER_GLOBAL_ACCENT_COLOR_NAME = AccentColor;
				CODE_SIGN_ENTITLEMENTS = ShoppingList/ShoppingList.entitlements;
				CODE_SIGN_STYLE = Automatic;
				CURRENT_PROJECT_VERSION = 1;
				DEVELOPMENT_ASSET_PATHS = "\"ShoppingList/Preview Content\"";
				ENABLE_PREVIEWS = YES;
				GENERATE_INFOPLIST_FILE = YES;
				"INFOPLIST_KEY_UIApplicationSceneManifest_Generation[sdk=iphoneos*]" = YES;
				"INFOPLIST_KEY_UIApplicationSceneManifest_Generation[sdk=iphonesimulator*]" = YES;
				"INFOPLIST_KEY_UIApplicationSupportsIndirectInputEvents[sdk=iphoneos*]" = YES;
				"INFOPLIST_KEY_UIApplicationSupportsIndirectInputEvents[sdk=iphonesimulator*]" = YES;
				"INFOPLIST_KEY_UILaunchScreen_Generation[sdk=iphoneos*]" = YES;
				"INFOPLIST_KEY_UILaunchScreen_Generation[sdk=iphonesimulator*]" = YES;
				"INFOPLIST_KEY_UIStatusBarStyle[sdk=iphoneos*]" = UIStatusBarStyleDefault;
				"INFOPLIST_KEY_UIStatusBarStyle[sdk=iphonesimulator*]" = UIStatusBarStyleDefault;
				INFOPLIST_KEY_UISupportedInterfaceOrientations_iPad = "UIInterfaceOrientationPortrait UIInterfaceOrientationPortraitUpsideDown UIInterfaceOrientationLandscapeLeft UIInterfaceOrientationLandscapeRight";
				INFOPLIST_KEY_UISupportedInterfaceOrientations_iPhone = "UIInterfaceOrientationPortrait UIInterfaceOrientationLandscapeLeft UIInterfaceOrientationLandscapeRight";
				IPHONEOS_DEPLOYMENT_TARGET = 17.5;
				LD_RUNPATH_SEARCH_PATHS = "@executable_path/Frameworks";
				"LD_RUNPATH_SEARCH_PATHS[sdk=macosx*]" = "@executable_path/../Frameworks";
				MACOSX_DEPLOYMENT_TARGET = 14.5;
				MARKETING_VERSION = 1.0;
				PRODUCT_BUNDLE_IDENTIFIER = shkp.ShoppingList;
				PRODUCT_NAME = "$(TARGET_NAME)";
				SDKROOT = auto;
				SUPPORTED_PLATFORMS = "iphoneos iphonesimulator macosx";
				SWIFT_EMIT_LOC_STRINGS = YES;
				SWIFT_VERSION = 5.0;
				TARGETED_DEVICE_FAMILY = "1,2";
			};
			name = Debug;
		};
		1848B1182C46EC90005849F1 /* Release */ = {
			isa = XCBuildConfiguration;
			buildSettings = {
				ASSETCATALOG_COMPILER_APPICON_NAME = AppIcon;
				ASSETCATALOG_COMPILER_GLOBAL_ACCENT_COLOR_NAME = AccentColor;
				CODE_SIGN_ENTITLEMENTS = ShoppingList/ShoppingList.entitlements;
				CODE_SIGN_STYLE = Automatic;
				CURRENT_PROJECT_VERSION = 1;
				DEVELOPMENT_ASSET_PATHS = "\"ShoppingList/Preview Content\"";
				ENABLE_PREVIEWS = YES;
				GENERATE_INFOPLIST_FILE = YES;
				"INFOPLIST_KEY_UIApplicationSceneManifest_Generation[sdk=iphoneos*]" = YES;
				"INFOPLIST_KEY_UIApplicationSceneManifest_Generation[sdk=iphonesimulator*]" = YES;
				"INFOPLIST_KEY_UIApplicationSupportsIndirectInputEvents[sdk=iphoneos*]" = YES;
				"INFOPLIST_KEY_UIApplicationSupportsIndirectInputEvents[sdk=iphonesimulator*]" = YES;
				"INFOPLIST_KEY_UILaunchScreen_Generation[sdk=iphoneos*]" = YES;
				"INFOPLIST_KEY_UILaunchScreen_Generation[sdk=iphonesimulator*]" = YES;
				"INFOPLIST_KEY_UIStatusBarStyle[sdk=iphoneos*]" = UIStatusBarStyleDefault;
				"INFOPLIST_KEY_UIStatusBarStyle[sdk=iphonesimulator*]" = UIStatusBarStyleDefault;
				INFOPLIST_KEY_UISupportedInterfaceOrientations_iPad = "UIInterfaceOrientationPortrait UIInterfaceOrientationPortraitUpsideDown UIInterfaceOrientationLandscapeLeft UIInterfaceOrientationLandscapeRight";
				INFOPLIST_KEY_UISupportedInterfaceOrientations_iPhone = "UIInterfaceOrientationPortrait UIInterfaceOrientationLandscapeLeft UIInterfaceOrientationLandscapeRight";
				IPHONEOS_DEPLOYMENT_TARGET = 17.5;
				LD_RUNPATH_SEARCH_PATHS = "@executable_path/Frameworks";
				"LD_RUNPATH_SEARCH_PATHS[sdk=macosx*]" = "@executable_path/../Frameworks";
				MACOSX_DEPLOYMENT_TARGET = 14.5;
				MARKETING_VERSION = 1.0;
				PRODUCT_BUNDLE_IDENTIFIER = shkp.ShoppingList;
				PRODUCT_NAME = "$(TARGET_NAME)";
				SDKROOT = auto;
				SUPPORTED_PLATFORMS = "iphoneos iphonesimulator macosx";
				SWIFT_EMIT_LOC_STRINGS = YES;
				SWIFT_VERSION = 5.0;
				TARGETED_DEVICE_FAMILY = "1,2";
			};
			name = Release;
		};
		1848B11A2C46EC90005849F1 /* Debug */ = {
			isa = XCBuildConfiguration;
			buildSettings = {
				ALWAYS_EMBED_SWIFT_STANDARD_LIBRARIES = YES;
				BUNDLE_LOADER = "$(TEST_HOST)";
				CODE_SIGN_STYLE = Automatic;
				CURRENT_PROJECT_VERSION = 1;
				GENERATE_INFOPLIST_FILE = YES;
				IPHONEOS_DEPLOYMENT_TARGET = 17.5;
				MACOSX_DEPLOYMENT_TARGET = 14.5;
				MARKETING_VERSION = 1.0;
				PRODUCT_BUNDLE_IDENTIFIER = shkp.ShoppingListTests;
				PRODUCT_NAME = "$(TARGET_NAME)";
				SDKROOT = auto;
				SUPPORTED_PLATFORMS = "iphoneos iphonesimulator macosx";
				SWIFT_EMIT_LOC_STRINGS = NO;
				SWIFT_VERSION = 5.0;
				TARGETED_DEVICE_FAMILY = "1,2";
				TEST_HOST = "$(BUILT_PRODUCTS_DIR)/ShoppingList.app/$(BUNDLE_EXECUTABLE_FOLDER_PATH)/ShoppingList";
			};
			name = Debug;
		};
		1848B11B2C46EC90005849F1 /* Release */ = {
			isa = XCBuildConfiguration;
			buildSettings = {
				ALWAYS_EMBED_SWIFT_STANDARD_LIBRARIES = YES;
				BUNDLE_LOADER = "$(TEST_HOST)";
				CODE_SIGN_STYLE = Automatic;
				CURRENT_PROJECT_VERSION = 1;
				GENERATE_INFOPLIST_FILE = YES;
				IPHONEOS_DEPLOYMENT_TARGET = 17.5;
				MACOSX_DEPLOYMENT_TARGET = 14.5;
				MARKETING_VERSION = 1.0;
				PRODUCT_BUNDLE_IDENTIFIER = shkp.ShoppingListTests;
				PRODUCT_NAME = "$(TARGET_NAME)";
				SDKROOT = auto;
				SUPPORTED_PLATFORMS = "iphoneos iphonesimulator macosx";
				SWIFT_EMIT_LOC_STRINGS = NO;
				SWIFT_VERSION = 5.0;
				TARGETED_DEVICE_FAMILY = "1,2";
				TEST_HOST = "$(BUILT_PRODUCTS_DIR)/ShoppingList.app/$(BUNDLE_EXECUTABLE_FOLDER_PATH)/ShoppingList";
			};
			name = Release;
		};
		1848B11D2C46EC90005849F1 /* Debug */ = {
			isa = XCBuildConfiguration;
			buildSettings = {
				ALWAYS_EMBED_SWIFT_STANDARD_LIBRARIES = YES;
				CODE_SIGN_STYLE = Automatic;
				CURRENT_PROJECT_VERSION = 1;
				GENERATE_INFOPLIST_FILE = YES;
				IPHONEOS_DEPLOYMENT_TARGET = 17.5;
				MACOSX_DEPLOYMENT_TARGET = 14.5;
				MARKETING_VERSION = 1.0;
				PRODUCT_BUNDLE_IDENTIFIER = shkp.ShoppingListUITests;
				PRODUCT_NAME = "$(TARGET_NAME)";
				SDKROOT = auto;
				SUPPORTED_PLATFORMS = "iphoneos iphonesimulator macosx";
				SWIFT_EMIT_LOC_STRINGS = NO;
				SWIFT_VERSION = 5.0;
				TARGETED_DEVICE_FAMILY = "1,2";
				TEST_TARGET_NAME = ShoppingList;
			};
			name = Debug;
		};
		1848B11E2C46EC90005849F1 /* Release */ = {
			isa = XCBuildConfiguration;
			buildSettings = {
				ALWAYS_EMBED_SWIFT_STANDARD_LIBRARIES = YES;
				CODE_SIGN_STYLE = Automatic;
				CURRENT_PROJECT_VERSION = 1;
				GENERATE_INFOPLIST_FILE = YES;
				IPHONEOS_DEPLOYMENT_TARGET = 17.5;
				MACOSX_DEPLOYMENT_TARGET = 14.5;
				MARKETING_VERSION = 1.0;
				PRODUCT_BUNDLE_IDENTIFIER = shkp.ShoppingListUITests;
				PRODUCT_NAME = "$(TARGET_NAME)";
				SDKROOT = auto;
				SUPPORTED_PLATFORMS = "iphoneos iphonesimulator macosx";
				SWIFT_EMIT_LOC_STRINGS = NO;
				SWIFT_VERSION = 5.0;
				TARGETED_DEVICE_FAMILY = "1,2";
				TEST_TARGET_NAME = ShoppingList;
			};
			name = Release;
		};
/* End XCBuildConfiguration section */

/* Begin XCConfigurationList section */
		1848B0EC2C46EC8E005849F1 /* Build configuration list for PBXProject "ShoppingList" */ = {
			isa = XCConfigurationList;
			buildConfigurations = (
				1848B1142C46EC90005849F1 /* Debug */,
				1848B1152C46EC90005849F1 /* Release */,
			);
			defaultConfigurationIsVisible = 0;
			defaultConfigurationName = Release;
		};
		1848B1162C46EC90005849F1 /* Build configuration list for PBXNativeTarget "ShoppingList" */ = {
			isa = XCConfigurationList;
			buildConfigurations = (
				1848B1172C46EC90005849F1 /* Debug */,
				1848B1182C46EC90005849F1 /* Release */,
			);
			defaultConfigurationIsVisible = 0;
			defaultConfigurationName = Release;
		};
		1848B1192C46EC90005849F1 /* Build configuration list for PBXNativeTarget "ShoppingListTests" */ = {
			isa = XCConfigurationList;
			buildConfigurations = (
				1848B11A2C46EC90005849F1 /* Debug */,
				1848B11B2C46EC90005849F1 /* Release */,
			);
			defaultConfigurationIsVisible = 0;
			defaultConfigurationName = Release;
		};
		1848B11C2C46EC90005849F1 /* Build configuration list for PBXNativeTarget "ShoppingListUITests" */ = {
			isa = XCConfigurationList;
			buildConfigurations = (
				1848B11D2C46EC90005849F1 /* Debug */,
				1848B11E2C46EC90005849F1 /* Release */,
			);
			defaultConfigurationIsVisible = 0;
			defaultConfigurationName = Release;
		};
/* End XCConfigurationList section */
	};
	rootObject = 1848B0E92C46EC8E005849F1 /* Project object */;
}
